// !$*UTF8*$!
{
	archiveVersion = 1;
	classes = {
	};
	objectVersion = 50;
	objects = {

/* Begin PBXBuildFile section */
		626D8F5D263050370080E76C /* AnimalDetailView.swift in Sources */ = {isa = PBXBuildFile; fileRef = 626D8F5C263050370080E76C /* AnimalDetailView.swift */; };
		626D8F60263054240080E76C /* HeadingView.swift in Sources */ = {isa = PBXBuildFile; fileRef = 626D8F5F263054240080E76C /* HeadingView.swift */; };
		626D8F63263056940080E76C /* InsetGalleryView.swift in Sources */ = {isa = PBXBuildFile; fileRef = 626D8F62263056940080E76C /* InsetGalleryView.swift */; };
		626D8F66263067300080E76C /* InsectFactView.swift in Sources */ = {isa = PBXBuildFile; fileRef = 626D8F65263067300080E76C /* InsectFactView.swift */; };
		626D8F6926306BDF0080E76C /* InsetMapView.swift in Sources */ = {isa = PBXBuildFile; fileRef = 626D8F6826306BDE0080E76C /* InsetMapView.swift */; };
		626D8F6C263097BC0080E76C /* ExternalWebLinkView.swift in Sources */ = {isa = PBXBuildFile; fileRef = 626D8F6B263097BC0080E76C /* ExternalWebLinkView.swift */; };
		626D8F6F26309B1F0080E76C /* VideoModel.swift in Sources */ = {isa = PBXBuildFile; fileRef = 626D8F6E26309B1F0080E76C /* VideoModel.swift */; };
		626D8F7226309BC60080E76C /* VideoListItemView.swift in Sources */ = {isa = PBXBuildFile; fileRef = 626D8F7126309BC60080E76C /* VideoListItemView.swift */; };
		62CB8643262EE45B00B33DAB /* AfricaApp.swift in Sources */ = {isa = PBXBuildFile; fileRef = 62CB8642262EE45B00B33DAB /* AfricaApp.swift */; };
		62CB8645262EE45B00B33DAB /* ContentView.swift in Sources */ = {isa = PBXBuildFile; fileRef = 62CB8644262EE45B00B33DAB /* ContentView.swift */; };
		62CB8647262EE45D00B33DAB /* Assets.xcassets in Resources */ = {isa = PBXBuildFile; fileRef = 62CB8646262EE45D00B33DAB /* Assets.xcassets */; };
		62CB864A262EE45D00B33DAB /* Preview Assets.xcassets in Resources */ = {isa = PBXBuildFile; fileRef = 62CB8649262EE45D00B33DAB /* Preview Assets.xcassets */; };
		62CB865D262EE6EC00B33DAB /* elephant.mp4 in Resources */ = {isa = PBXBuildFile; fileRef = 62CB8653262EE6E900B33DAB /* elephant.mp4 */; };
		62CB865E262EE6EC00B33DAB /* lion.mp4 in Resources */ = {isa = PBXBuildFile; fileRef = 62CB8654262EE6E900B33DAB /* lion.mp4 */; };
		62CB865F262EE6EC00B33DAB /* lioness.mp4 in Resources */ = {isa = PBXBuildFile; fileRef = 62CB8655262EE6E900B33DAB /* lioness.mp4 */; };
		62CB8660262EE6EC00B33DAB /* giraffe.mp4 in Resources */ = {isa = PBXBuildFile; fileRef = 62CB8656262EE6EA00B33DAB /* giraffe.mp4 */; };
		62CB8661262EE6EC00B33DAB /* gorilla.mp4 in Resources */ = {isa = PBXBuildFile; fileRef = 62CB8657262EE6EA00B33DAB /* gorilla.mp4 */; };
		62CB8662262EE6EC00B33DAB /* rhino.mp4 in Resources */ = {isa = PBXBuildFile; fileRef = 62CB8658262EE6EA00B33DAB /* rhino.mp4 */; };
		62CB8663262EE6EC00B33DAB /* zebra.mp4 in Resources */ = {isa = PBXBuildFile; fileRef = 62CB8659262EE6EB00B33DAB /* zebra.mp4 */; };
		62CB8664262EE6EC00B33DAB /* hippo.mp4 in Resources */ = {isa = PBXBuildFile; fileRef = 62CB865A262EE6EB00B33DAB /* hippo.mp4 */; };
		62CB8665262EE6EC00B33DAB /* cheetah.mp4 in Resources */ = {isa = PBXBuildFile; fileRef = 62CB865B262EE6EB00B33DAB /* cheetah.mp4 */; };
		62CB8666262EE6EC00B33DAB /* ostrich.mp4 in Resources */ = {isa = PBXBuildFile; fileRef = 62CB865C262EE6EC00B33DAB /* ostrich.mp4 */; };
		62CB866D262EE76300B33DAB /* locations.json in Resources */ = {isa = PBXBuildFile; fileRef = 62CB8669262EE76200B33DAB /* locations.json */; };
		62CB866E262EE76300B33DAB /* animals.json in Resources */ = {isa = PBXBuildFile; fileRef = 62CB866A262EE76300B33DAB /* animals.json */; };
		62CB866F262EE76300B33DAB /* covers.json in Resources */ = {isa = PBXBuildFile; fileRef = 62CB866B262EE76300B33DAB /* covers.json */; };
		62CB8670262EE76300B33DAB /* videos.json in Resources */ = {isa = PBXBuildFile; fileRef = 62CB866C262EE76300B33DAB /* videos.json */; };
		62CB8676262EFB0200B33DAB /* VideoListView.swift in Sources */ = {isa = PBXBuildFile; fileRef = 62CB8675262EFB0200B33DAB /* VideoListView.swift */; };
		62CB8679262EFB4A00B33DAB /* MapView.swift in Sources */ = {isa = PBXBuildFile; fileRef = 62CB8678262EFB4A00B33DAB /* MapView.swift */; };
		62CB867C262EFB7600B33DAB /* GalleryView.swift in Sources */ = {isa = PBXBuildFile; fileRef = 62CB867B262EFB7600B33DAB /* GalleryView.swift */; };
		62CB867F262EFB9200B33DAB /* MainView.swift in Sources */ = {isa = PBXBuildFile; fileRef = 62CB867E262EFB9200B33DAB /* MainView.swift */; };
		62CB8683262F059000B33DAB /* CoverImageView.swift in Sources */ = {isa = PBXBuildFile; fileRef = 62CB8682262F059000B33DAB /* CoverImageView.swift */; };
		62CB8688262F09EC00B33DAB /* CoverImageModel.swift in Sources */ = {isa = PBXBuildFile; fileRef = 62CB8687262F09EC00B33DAB /* CoverImageModel.swift */; };
		62CB868C262F0F3D00B33DAB /* CodableBundleExtension.swift in Sources */ = {isa = PBXBuildFile; fileRef = 62CB868B262F0F3D00B33DAB /* CodableBundleExtension.swift */; };
		62CB868F262F1FE500B33DAB /* AnimalListItemView.swift in Sources */ = {isa = PBXBuildFile; fileRef = 62CB868E262F1FE400B33DAB /* AnimalListItemView.swift */; };
		62CB8692262F229900B33DAB /* AnimalModel.swift in Sources */ = {isa = PBXBuildFile; fileRef = 62CB8691262F229900B33DAB /* AnimalModel.swift */; };
		62F4975E2631802D0078CE58 /* VideoPlayerView.swift in Sources */ = {isa = PBXBuildFile; fileRef = 62F4975D2631802D0078CE58 /* VideoPlayerView.swift */; };
		62F49762263181A40078CE58 /* VideoPlayerHelper.swift in Sources */ = {isa = PBXBuildFile; fileRef = 62F49761263181A40078CE58 /* VideoPlayerHelper.swift */; };
		62F497652631A0D90078CE58 /* LocationModel.swift in Sources */ = {isa = PBXBuildFile; fileRef = 62F497642631A0D90078CE58 /* LocationModel.swift */; };
/* End PBXBuildFile section */

/* Begin PBXFileReference section */
		626D8F5C263050370080E76C /* AnimalDetailView.swift */ = {isa = PBXFileReference; lastKnownFileType = sourcecode.swift; path = AnimalDetailView.swift; sourceTree = "<group>"; };
		626D8F5F263054240080E76C /* HeadingView.swift */ = {isa = PBXFileReference; lastKnownFileType = sourcecode.swift; path = HeadingView.swift; sourceTree = "<group>"; };
		626D8F62263056940080E76C /* InsetGalleryView.swift */ = {isa = PBXFileReference; lastKnownFileType = sourcecode.swift; path = InsetGalleryView.swift; sourceTree = "<group>"; };
		626D8F65263067300080E76C /* InsectFactView.swift */ = {isa = PBXFileReference; lastKnownFileType = sourcecode.swift; path = InsectFactView.swift; sourceTree = "<group>"; };
		626D8F6826306BDE0080E76C /* InsetMapView.swift */ = {isa = PBXFileReference; lastKnownFileType = sourcecode.swift; path = InsetMapView.swift; sourceTree = "<group>"; };
		626D8F6B263097BC0080E76C /* ExternalWebLinkView.swift */ = {isa = PBXFileReference; lastKnownFileType = sourcecode.swift; path = ExternalWebLinkView.swift; sourceTree = "<group>"; };
		626D8F6E26309B1F0080E76C /* VideoModel.swift */ = {isa = PBXFileReference; lastKnownFileType = sourcecode.swift; path = VideoModel.swift; sourceTree = "<group>"; };
		626D8F7126309BC60080E76C /* VideoListItemView.swift */ = {isa = PBXFileReference; lastKnownFileType = sourcecode.swift; path = VideoListItemView.swift; sourceTree = "<group>"; };
		62CB863F262EE45B00B33DAB /* Africa.app */ = {isa = PBXFileReference; explicitFileType = wrapper.application; includeInIndex = 0; path = Africa.app; sourceTree = BUILT_PRODUCTS_DIR; };
		62CB8642262EE45B00B33DAB /* AfricaApp.swift */ = {isa = PBXFileReference; lastKnownFileType = sourcecode.swift; path = AfricaApp.swift; sourceTree = "<group>"; };
		62CB8644262EE45B00B33DAB /* ContentView.swift */ = {isa = PBXFileReference; lastKnownFileType = sourcecode.swift; path = ContentView.swift; sourceTree = "<group>"; };
		62CB8646262EE45D00B33DAB /* Assets.xcassets */ = {isa = PBXFileReference; lastKnownFileType = folder.assetcatalog; path = Assets.xcassets; sourceTree = "<group>"; };
		62CB8649262EE45D00B33DAB /* Preview Assets.xcassets */ = {isa = PBXFileReference; lastKnownFileType = folder.assetcatalog; path = "Preview Assets.xcassets"; sourceTree = "<group>"; };
		62CB864B262EE45D00B33DAB /* Info.plist */ = {isa = PBXFileReference; lastKnownFileType = text.plist.xml; path = Info.plist; sourceTree = "<group>"; };
		62CB8653262EE6E900B33DAB /* elephant.mp4 */ = {isa = PBXFileReference; lastKnownFileType = file; path = elephant.mp4; sourceTree = "<group>"; };
		62CB8654262EE6E900B33DAB /* lion.mp4 */ = {isa = PBXFileReference; lastKnownFileType = file; path = lion.mp4; sourceTree = "<group>"; };
		62CB8655262EE6E900B33DAB /* lioness.mp4 */ = {isa = PBXFileReference; lastKnownFileType = file; path = lioness.mp4; sourceTree = "<group>"; };
		62CB8656262EE6EA00B33DAB /* giraffe.mp4 */ = {isa = PBXFileReference; lastKnownFileType = file; path = giraffe.mp4; sourceTree = "<group>"; };
		62CB8657262EE6EA00B33DAB /* gorilla.mp4 */ = {isa = PBXFileReference; lastKnownFileType = file; path = gorilla.mp4; sourceTree = "<group>"; };
		62CB8658262EE6EA00B33DAB /* rhino.mp4 */ = {isa = PBXFileReference; lastKnownFileType = file; path = rhino.mp4; sourceTree = "<group>"; };
		62CB8659262EE6EB00B33DAB /* zebra.mp4 */ = {isa = PBXFileReference; lastKnownFileType = file; path = zebra.mp4; sourceTree = "<group>"; };
		62CB865A262EE6EB00B33DAB /* hippo.mp4 */ = {isa = PBXFileReference; lastKnownFileType = file; path = hippo.mp4; sourceTree = "<group>"; };
		62CB865B262EE6EB00B33DAB /* cheetah.mp4 */ = {isa = PBXFileReference; lastKnownFileType = file; path = cheetah.mp4; sourceTree = "<group>"; };
		62CB865C262EE6EC00B33DAB /* ostrich.mp4 */ = {isa = PBXFileReference; lastKnownFileType = file; path = ostrich.mp4; sourceTree = "<group>"; };
		62CB8669262EE76200B33DAB /* locations.json */ = {isa = PBXFileReference; fileEncoding = 4; lastKnownFileType = text.json; path = locations.json; sourceTree = "<group>"; };
		62CB866A262EE76300B33DAB /* animals.json */ = {isa = PBXFileReference; fileEncoding = 4; lastKnownFileType = text.json; path = animals.json; sourceTree = "<group>"; };
		62CB866B262EE76300B33DAB /* covers.json */ = {isa = PBXFileReference; fileEncoding = 4; lastKnownFileType = text.json; path = covers.json; sourceTree = "<group>"; };
		62CB866C262EE76300B33DAB /* videos.json */ = {isa = PBXFileReference; fileEncoding = 4; lastKnownFileType = text.json; path = videos.json; sourceTree = "<group>"; };
		62CB8675262EFB0200B33DAB /* VideoListView.swift */ = {isa = PBXFileReference; lastKnownFileType = sourcecode.swift; path = VideoListView.swift; sourceTree = "<group>"; };
		62CB8678262EFB4A00B33DAB /* MapView.swift */ = {isa = PBXFileReference; lastKnownFileType = sourcecode.swift; path = MapView.swift; sourceTree = "<group>"; };
		62CB867B262EFB7600B33DAB /* GalleryView.swift */ = {isa = PBXFileReference; lastKnownFileType = sourcecode.swift; path = GalleryView.swift; sourceTree = "<group>"; };
		62CB867E262EFB9200B33DAB /* MainView.swift */ = {isa = PBXFileReference; lastKnownFileType = sourcecode.swift; path = MainView.swift; sourceTree = "<group>"; };
		62CB8682262F059000B33DAB /* CoverImageView.swift */ = {isa = PBXFileReference; lastKnownFileType = sourcecode.swift; path = CoverImageView.swift; sourceTree = "<group>"; };
		62CB8687262F09EC00B33DAB /* CoverImageModel.swift */ = {isa = PBXFileReference; lastKnownFileType = sourcecode.swift; path = CoverImageModel.swift; sourceTree = "<group>"; };
		62CB868B262F0F3D00B33DAB /* CodableBundleExtension.swift */ = {isa = PBXFileReference; lastKnownFileType = sourcecode.swift; path = CodableBundleExtension.swift; sourceTree = "<group>"; };
		62CB868E262F1FE400B33DAB /* AnimalListItemView.swift */ = {isa = PBXFileReference; lastKnownFileType = sourcecode.swift; path = AnimalListItemView.swift; sourceTree = "<group>"; };
		62CB8691262F229900B33DAB /* AnimalModel.swift */ = {isa = PBXFileReference; lastKnownFileType = sourcecode.swift; path = AnimalModel.swift; sourceTree = "<group>"; };
		62F4975D2631802D0078CE58 /* VideoPlayerView.swift */ = {isa = PBXFileReference; lastKnownFileType = sourcecode.swift; path = VideoPlayerView.swift; sourceTree = "<group>"; };
		62F49761263181A40078CE58 /* VideoPlayerHelper.swift */ = {isa = PBXFileReference; lastKnownFileType = sourcecode.swift; path = VideoPlayerHelper.swift; sourceTree = "<group>"; };
		62F497642631A0D90078CE58 /* LocationModel.swift */ = {isa = PBXFileReference; lastKnownFileType = sourcecode.swift; path = LocationModel.swift; sourceTree = "<group>"; };
/* End PBXFileReference section */

/* Begin PBXFrameworksBuildPhase section */
		62CB863C262EE45B00B33DAB /* Frameworks */ = {
			isa = PBXFrameworksBuildPhase;
			buildActionMask = 2147483647;
			files = (
			);
			runOnlyForDeploymentPostprocessing = 0;
		};
/* End PBXFrameworksBuildPhase section */

/* Begin PBXGroup section */
		62CB8636262EE45B00B33DAB = {
			isa = PBXGroup;
			children = (
				62CB8641262EE45B00B33DAB /* Africa */,
				62CB8640262EE45B00B33DAB /* Products */,
			);
			sourceTree = "<group>";
		};
		62CB8640262EE45B00B33DAB /* Products */ = {
			isa = PBXGroup;
			children = (
				62CB863F262EE45B00B33DAB /* Africa.app */,
			);
			name = Products;
			sourceTree = "<group>";
		};
		62CB8641262EE45B00B33DAB /* Africa */ = {
			isa = PBXGroup;
			children = (
				62CB8673262EF9E800B33DAB /* App */,
				62CB8646262EE45D00B33DAB /* Assets.xcassets */,
				62CB8668262EE72E00B33DAB /* Data */,
				62CB868A262F0F1800B33DAB /* Extension */,
				62F49760263181860078CE58 /* Helper */,
				62CB864B262EE45D00B33DAB /* Info.plist */,
				62CB8686262F09D500B33DAB /* Model */,
				62CB8648262EE45D00B33DAB /* Preview Content */,
				62CB8652262EE6AA00B33DAB /* Video */,
				62CB8681262F057B00B33DAB /* View */,
			);
			path = Africa;
			sourceTree = "<group>";
		};
		62CB8648262EE45D00B33DAB /* Preview Content */ = {
			isa = PBXGroup;
			children = (
				62CB8649262EE45D00B33DAB /* Preview Assets.xcassets */,
			);
			path = "Preview Content";
			sourceTree = "<group>";
		};
		62CB8652262EE6AA00B33DAB /* Video */ = {
			isa = PBXGroup;
			children = (
				62CB865B262EE6EB00B33DAB /* cheetah.mp4 */,
				62CB8653262EE6E900B33DAB /* elephant.mp4 */,
				62CB8656262EE6EA00B33DAB /* giraffe.mp4 */,
				62CB8657262EE6EA00B33DAB /* gorilla.mp4 */,
				62CB865A262EE6EB00B33DAB /* hippo.mp4 */,
				62CB8654262EE6E900B33DAB /* lion.mp4 */,
				62CB8655262EE6E900B33DAB /* lioness.mp4 */,
				62CB865C262EE6EC00B33DAB /* ostrich.mp4 */,
				62CB8658262EE6EA00B33DAB /* rhino.mp4 */,
				62CB8659262EE6EB00B33DAB /* zebra.mp4 */,
			);
			path = Video;
			sourceTree = "<group>";
		};
		62CB8668262EE72E00B33DAB /* Data */ = {
			isa = PBXGroup;
			children = (
				62CB866A262EE76300B33DAB /* animals.json */,
				62CB866B262EE76300B33DAB /* covers.json */,
				62CB8669262EE76200B33DAB /* locations.json */,
				62CB866C262EE76300B33DAB /* videos.json */,
			);
			path = Data;
			sourceTree = "<group>";
		};
		62CB8673262EF9E800B33DAB /* App */ = {
			isa = PBXGroup;
			children = (
				62CB8642262EE45B00B33DAB /* AfricaApp.swift */,
				62CB8644262EE45B00B33DAB /* ContentView.swift */,
				62CB8675262EFB0200B33DAB /* VideoListView.swift */,
				62CB8678262EFB4A00B33DAB /* MapView.swift */,
				62CB867B262EFB7600B33DAB /* GalleryView.swift */,
				62CB867E262EFB9200B33DAB /* MainView.swift */,
			);
			path = App;
			sourceTree = "<group>";
		};
		62CB8681262F057B00B33DAB /* View */ = {
			isa = PBXGroup;
			children = (
				62CB8682262F059000B33DAB /* CoverImageView.swift */,
				62CB868E262F1FE400B33DAB /* AnimalListItemView.swift */,
				626D8F5C263050370080E76C /* AnimalDetailView.swift */,
				626D8F65263067300080E76C /* InsectFactView.swift */,
				626D8F5F263054240080E76C /* HeadingView.swift */,
				626D8F62263056940080E76C /* InsetGalleryView.swift */,
				626D8F6826306BDE0080E76C /* InsetMapView.swift */,
				626D8F6B263097BC0080E76C /* ExternalWebLinkView.swift */,
				626D8F7126309BC60080E76C /* VideoListItemView.swift */,
				62F4975D2631802D0078CE58 /* VideoPlayerView.swift */,
			);
			path = View;
			sourceTree = "<group>";
		};
		62CB8686262F09D500B33DAB /* Model */ = {
			isa = PBXGroup;
			children = (
				62CB8687262F09EC00B33DAB /* CoverImageModel.swift */,
				62CB8691262F229900B33DAB /* AnimalModel.swift */,
				626D8F6E26309B1F0080E76C /* VideoModel.swift */,
				62F497642631A0D90078CE58 /* LocationModel.swift */,
			);
			path = Model;
			sourceTree = "<group>";
		};
		62CB868A262F0F1800B33DAB /* Extension */ = {
			isa = PBXGroup;
			children = (
				62CB868B262F0F3D00B33DAB /* CodableBundleExtension.swift */,
			);
			path = Extension;
			sourceTree = "<group>";
		};
		62F49760263181860078CE58 /* Helper */ = {
			isa = PBXGroup;
			children = (
				62F49761263181A40078CE58 /* VideoPlayerHelper.swift */,
			);
			path = Helper;
			sourceTree = "<group>";
		};
/* End PBXGroup section */

/* Begin PBXNativeTarget section */
		62CB863E262EE45B00B33DAB /* Africa */ = {
			isa = PBXNativeTarget;
			buildConfigurationList = 62CB864E262EE45D00B33DAB /* Build configuration list for PBXNativeTarget "Africa" */;
			buildPhases = (
				62CB863B262EE45B00B33DAB /* Sources */,
				62CB863C262EE45B00B33DAB /* Frameworks */,
				62CB863D262EE45B00B33DAB /* Resources */,
			);
			buildRules = (
			);
			dependencies = (
			);
			name = Africa;
			productName = Africa;
			productReference = 62CB863F262EE45B00B33DAB /* Africa.app */;
			productType = "com.apple.product-type.application";
		};
/* End PBXNativeTarget section */

/* Begin PBXProject section */
		62CB8637262EE45B00B33DAB /* Project object */ = {
			isa = PBXProject;
			attributes = {
				LastSwiftUpdateCheck = 1240;
				LastUpgradeCheck = 1240;
				TargetAttributes = {
					62CB863E262EE45B00B33DAB = {
						CreatedOnToolsVersion = 12.4;
					};
				};
			};
			buildConfigurationList = 62CB863A262EE45B00B33DAB /* Build configuration list for PBXProject "Africa" */;
			compatibilityVersion = "Xcode 9.3";
			developmentRegion = en;
			hasScannedForEncodings = 0;
			knownRegions = (
				en,
				Base,
			);
			mainGroup = 62CB8636262EE45B00B33DAB;
			productRefGroup = 62CB8640262EE45B00B33DAB /* Products */;
			projectDirPath = "";
			projectRoot = "";
			targets = (
				62CB863E262EE45B00B33DAB /* Africa */,
			);
		};
/* End PBXProject section */

/* Begin PBXResourcesBuildPhase section */
		62CB863D262EE45B00B33DAB /* Resources */ = {
			isa = PBXResourcesBuildPhase;
			buildActionMask = 2147483647;
			files = (
				62CB866D262EE76300B33DAB /* locations.json in Resources */,
				62CB8664262EE6EC00B33DAB /* hippo.mp4 in Resources */,
				62CB8662262EE6EC00B33DAB /* rhino.mp4 in Resources */,
				62CB864A262EE45D00B33DAB /* Preview Assets.xcassets in Resources */,
				62CB865E262EE6EC00B33DAB /* lion.mp4 in Resources */,
				62CB8660262EE6EC00B33DAB /* giraffe.mp4 in Resources */,
				62CB8661262EE6EC00B33DAB /* gorilla.mp4 in Resources */,
				62CB866E262EE76300B33DAB /* animals.json in Resources */,
				62CB8666262EE6EC00B33DAB /* ostrich.mp4 in Resources */,
				62CB865F262EE6EC00B33DAB /* lioness.mp4 in Resources */,
				62CB866F262EE76300B33DAB /* covers.json in Resources */,
				62CB8647262EE45D00B33DAB /* Assets.xcassets in Resources */,
				62CB8663262EE6EC00B33DAB /* zebra.mp4 in Resources */,
				62CB8670262EE76300B33DAB /* videos.json in Resources */,
				62CB865D262EE6EC00B33DAB /* elephant.mp4 in Resources */,
				62CB8665262EE6EC00B33DAB /* cheetah.mp4 in Resources */,
			);
			runOnlyForDeploymentPostprocessing = 0;
		};
/* End PBXResourcesBuildPhase section */

/* Begin PBXSourcesBuildPhase section */
		62CB863B262EE45B00B33DAB /* Sources */ = {
			isa = PBXSourcesBuildPhase;
			buildActionMask = 2147483647;
			files = (
				62CB868F262F1FE500B33DAB /* AnimalListItemView.swift in Sources */,
				62CB8645262EE45B00B33DAB /* ContentView.swift in Sources */,
				626D8F66263067300080E76C /* InsectFactView.swift in Sources */,
				62CB867F262EFB9200B33DAB /* MainView.swift in Sources */,
				62CB8683262F059000B33DAB /* CoverImageView.swift in Sources */,
				62CB8688262F09EC00B33DAB /* CoverImageModel.swift in Sources */,
				626D8F5D263050370080E76C /* AnimalDetailView.swift in Sources */,
				62CB8692262F229900B33DAB /* AnimalModel.swift in Sources */,
				62CB8679262EFB4A00B33DAB /* MapView.swift in Sources */,
				626D8F6926306BDF0080E76C /* InsetMapView.swift in Sources */,
				62F49762263181A40078CE58 /* VideoPlayerHelper.swift in Sources */,
				62CB8643262EE45B00B33DAB /* AfricaApp.swift in Sources */,
				626D8F6C263097BC0080E76C /* ExternalWebLinkView.swift in Sources */,
				62CB8676262EFB0200B33DAB /* VideoListView.swift in Sources */,
				626D8F6F26309B1F0080E76C /* VideoModel.swift in Sources */,
				62CB867C262EFB7600B33DAB /* GalleryView.swift in Sources */,
				62F497652631A0D90078CE58 /* LocationModel.swift in Sources */,
				626D8F63263056940080E76C /* InsetGalleryView.swift in Sources */,
				626D8F7226309BC60080E76C /* VideoListItemView.swift in Sources */,
				62CB868C262F0F3D00B33DAB /* CodableBundleExtension.swift in Sources */,
				626D8F60263054240080E76C /* HeadingView.swift in Sources */,
				62F4975E2631802D0078CE58 /* VideoPlayerView.swift in Sources */,
			);
			runOnlyForDeploymentPostprocessing = 0;
		};
/* End PBXSourcesBuildPhase section */

/* Begin XCBuildConfiguration section */
		62CB864C262EE45D00B33DAB /* Debug */ = {
			isa = XCBuildConfiguration;
			buildSettings = {
				ALWAYS_SEARCH_USER_PATHS = NO;
				CLANG_ANALYZER_NONNULL = YES;
				CLANG_ANALYZER_NUMBER_OBJECT_CONVERSION = YES_AGGRESSIVE;
				CLANG_CXX_LANGUAGE_STANDARD = "gnu++14";
				CLANG_CXX_LIBRARY = "libc++";
				CLANG_ENABLE_MODULES = YES;
				CLANG_ENABLE_OBJC_ARC = YES;
				CLANG_ENABLE_OBJC_WEAK = YES;
				CLANG_WARN_BLOCK_CAPTURE_AUTORELEASING = YES;
				CLANG_WARN_BOOL_CONVERSION = YES;
				CLANG_WARN_COMMA = YES;
				CLANG_WARN_CONSTANT_CONVERSION = YES;
				CLANG_WARN_DEPRECATED_OBJC_IMPLEMENTATIONS = YES;
				CLANG_WARN_DIRECT_OBJC_ISA_USAGE = YES_ERROR;
				CLANG_WARN_DOCUMENTATION_COMMENTS = YES;
				CLANG_WARN_EMPTY_BODY = YES;
				CLANG_WARN_ENUM_CONVERSION = YES;
				CLANG_WARN_INFINITE_RECURSION = YES;
				CLANG_WARN_INT_CONVERSION = YES;
				CLANG_WARN_NON_LITERAL_NULL_CONVERSION = YES;
				CLANG_WARN_OBJC_IMPLICIT_RETAIN_SELF = YES;
				CLANG_WARN_OBJC_LITERAL_CONVERSION = YES;
				CLANG_WARN_OBJC_ROOT_CLASS = YES_ERROR;
				CLANG_WARN_QUOTED_INCLUDE_IN_FRAMEWORK_HEADER = YES;
				CLANG_WARN_RANGE_LOOP_ANALYSIS = YES;
				CLANG_WARN_STRICT_PROTOTYPES = YES;
				CLANG_WARN_SUSPICIOUS_MOVE = YES;
				CLANG_WARN_UNGUARDED_AVAILABILITY = YES_AGGRESSIVE;
				CLANG_WARN_UNREACHABLE_CODE = YES;
				CLANG_WARN__DUPLICATE_METHOD_MATCH = YES;
				COPY_PHASE_STRIP = NO;
				DEBUG_INFORMATION_FORMAT = dwarf;
				ENABLE_STRICT_OBJC_MSGSEND = YES;
				ENABLE_TESTABILITY = YES;
				GCC_C_LANGUAGE_STANDARD = gnu11;
				GCC_DYNAMIC_NO_PIC = NO;
				GCC_NO_COMMON_BLOCKS = YES;
				GCC_OPTIMIZATION_LEVEL = 0;
				GCC_PREPROCESSOR_DEFINITIONS = (
					"DEBUG=1",
					"$(inherited)",
				);
				GCC_WARN_64_TO_32_BIT_CONVERSION = YES;
				GCC_WARN_ABOUT_RETURN_TYPE = YES_ERROR;
				GCC_WARN_UNDECLARED_SELECTOR = YES;
				GCC_WARN_UNINITIALIZED_AUTOS = YES_AGGRESSIVE;
				GCC_WARN_UNUSED_FUNCTION = YES;
				GCC_WARN_UNUSED_VARIABLE = YES;
				IPHONEOS_DEPLOYMENT_TARGET = 14.4;
				MTL_ENABLE_DEBUG_INFO = INCLUDE_SOURCE;
				MTL_FAST_MATH = YES;
				ONLY_ACTIVE_ARCH = YES;
				SDKROOT = iphoneos;
				SWIFT_ACTIVE_COMPILATION_CONDITIONS = DEBUG;
				SWIFT_OPTIMIZATION_LEVEL = "-Onone";
			};
			name = Debug;
		};
		62CB864D262EE45D00B33DAB /* Release */ = {
			isa = XCBuildConfiguration;
			buildSettings = {
				ALWAYS_SEARCH_USER_PATHS = NO;
				CLANG_ANALYZER_NONNULL = YES;
				CLANG_ANALYZER_NUMBER_OBJECT_CONVERSION = YES_AGGRESSIVE;
				CLANG_CXX_LANGUAGE_STANDARD = "gnu++14";
				CLANG_CXX_LIBRARY = "libc++";
				CLANG_ENABLE_MODULES = YES;
				CLANG_ENABLE_OBJC_ARC = YES;
				CLANG_ENABLE_OBJC_WEAK = YES;
				CLANG_WARN_BLOCK_CAPTURE_AUTORELEASING = YES;
				CLANG_WARN_BOOL_CONVERSION = YES;
				CLANG_WARN_COMMA = YES;
				CLANG_WARN_CONSTANT_CONVERSION = YES;
				CLANG_WARN_DEPRECATED_OBJC_IMPLEMENTATIONS = YES;
				CLANG_WARN_DIRECT_OBJC_ISA_USAGE = YES_ERROR;
				CLANG_WARN_DOCUMENTATION_COMMENTS = YES;
				CLANG_WARN_EMPTY_BODY = YES;
				CLANG_WARN_ENUM_CONVERSION = YES;
				CLANG_WARN_INFINITE_RECURSION = YES;
				CLANG_WARN_INT_CONVERSION = YES;
				CLANG_WARN_NON_LITERAL_NULL_CONVERSION = YES;
				CLANG_WARN_OBJC_IMPLICIT_RETAIN_SELF = YES;
				CLANG_WARN_OBJC_LITERAL_CONVERSION = YES;
				CLANG_WARN_OBJC_ROOT_CLASS = YES_ERROR;
				CLANG_WARN_QUOTED_INCLUDE_IN_FRAMEWORK_HEADER = YES;
				CLANG_WARN_RANGE_LOOP_ANALYSIS = YES;
				CLANG_WARN_STRICT_PROTOTYPES = YES;
				CLANG_WARN_SUSPICIOUS_MOVE = YES;
				CLANG_WARN_UNGUARDED_AVAILABILITY = YES_AGGRESSIVE;
				CLANG_WARN_UNREACHABLE_CODE = YES;
				CLANG_WARN__DUPLICATE_METHOD_MATCH = YES;
				COPY_PHASE_STRIP = NO;
				DEBUG_INFORMATION_FORMAT = "dwarf-with-dsym";
				ENABLE_NS_ASSERTIONS = NO;
				ENABLE_STRICT_OBJC_MSGSEND = YES;
				GCC_C_LANGUAGE_STANDARD = gnu11;
				GCC_NO_COMMON_BLOCKS = YES;
				GCC_WARN_64_TO_32_BIT_CONVERSION = YES;
				GCC_WARN_ABOUT_RETURN_TYPE = YES_ERROR;
				GCC_WARN_UNDECLARED_SELECTOR = YES;
				GCC_WARN_UNINITIALIZED_AUTOS = YES_AGGRESSIVE;
				GCC_WARN_UNUSED_FUNCTION = YES;
				GCC_WARN_UNUSED_VARIABLE = YES;
				IPHONEOS_DEPLOYMENT_TARGET = 14.4;
				MTL_ENABLE_DEBUG_INFO = NO;
				MTL_FAST_MATH = YES;
				SDKROOT = iphoneos;
				SWIFT_COMPILATION_MODE = wholemodule;
				SWIFT_OPTIMIZATION_LEVEL = "-O";
				VALIDATE_PRODUCT = YES;
			};
			name = Release;
		};
		62CB864F262EE45D00B33DAB /* Debug */ = {
			isa = XCBuildConfiguration;
			buildSettings = {
				ASSETCATALOG_COMPILER_APPICON_NAME = AppIcon;
				ASSETCATALOG_COMPILER_GLOBAL_ACCENT_COLOR_NAME = AccentColor;
				CODE_SIGN_STYLE = Automatic;
				DEVELOPMENT_ASSET_PATHS = "\"Africa/Preview Content\"";
				DEVELOPMENT_TEAM = QGQ6W4JWGM;
				ENABLE_PREVIEWS = YES;
				INFOPLIST_FILE = Africa/Info.plist;
				IPHONEOS_DEPLOYMENT_TARGET = 14.0;
				LD_RUNPATH_SEARCH_PATHS = (
					"$(inherited)",
					"@executable_path/Frameworks",
				);
				PRODUCT_BUNDLE_IDENTIFIER = app.a1softwares.Africa;
				PRODUCT_NAME = "$(TARGET_NAME)";
				SWIFT_VERSION = 5.0;
				TARGETED_DEVICE_FAMILY = "1,2";
			};
			name = Debug;
		};
		62CB8650262EE45D00B33DAB /* Release */ = {
			isa = XCBuildConfiguration;
			buildSettings = {
				ASSETCATALOG_COMPILER_APPICON_NAME = AppIcon;
				ASSETCATALOG_COMPILER_GLOBAL_ACCENT_COLOR_NAME = AccentColor;
				CODE_SIGN_STYLE = Automatic;
				DEVELOPMENT_ASSET_PATHS = "\"Africa/Preview Content\"";
				DEVELOPMENT_TEAM = QGQ6W4JWGM;
				ENABLE_PREVIEWS = YES;
				INFOPLIST_FILE = Africa/Info.plist;
				IPHONEOS_DEPLOYMENT_TARGET = 14.0;
				LD_RUNPATH_SEARCH_PATHS = (
					"$(inherited)",
					"@executable_path/Frameworks",
				);
				PRODUCT_BUNDLE_IDENTIFIER = app.a1softwares.Africa;
				PRODUCT_NAME = "$(TARGET_NAME)";
				SWIFT_VERSION = 5.0;
				TARGETED_DEVICE_FAMILY = "1,2";
			};
			name = Release;
		};
/* End XCBuildConfiguration section */

/* Begin XCConfigurationList section */
		62CB863A262EE45B00B33DAB /* Build configuration list for PBXProject "Africa" */ = {
			isa = XCConfigurationList;
			buildConfigurations = (
				62CB864C262EE45D00B33DAB /* Debug */,
				62CB864D262EE45D00B33DAB /* Release */,
			);
			defaultConfigurationIsVisible = 0;
			defaultConfigurationName = Release;
		};
		62CB864E262EE45D00B33DAB /* Build configuration list for PBXNativeTarget "Africa" */ = {
			isa = XCConfigurationList;
			buildConfigurations = (
				62CB864F262EE45D00B33DAB /* Debug */,
				62CB8650262EE45D00B33DAB /* Release */,
			);
			defaultConfigurationIsVisible = 0;
			defaultConfigurationName = Release;
		};
/* End XCConfigurationList section */
	};
	rootObject = 62CB8637262EE45B00B33DAB /* Project object */;
}
